
Microsoft Visual Studio Solution File, Format Version 10.00
# Visual Studio 2008
Project("{FAE04EC0-301F-11D3-BF4B-00C04F79EFBC}") = "DataAccess", "DataAccess.csproj", "{BCCF58D6-E3BD-4107-84F5-716944390A01}"
EndProject
Global
	GlobalSection(SolutionConfigurationPlatforms) = preSolution
		Debug|Any CPU = Debug|Any CPU
		Release|Any CPU = Release|Any CPU
	EndGlobalSection
	GlobalSection(ProjectConfigurationPlatforms) = postSolution
		{BCCF58D6-E3BD-4107-84F5-716944390A01}.Debug|Any CPU.ActiveCfg = Debug|Any CPU
		{BCCF58D6-E3BD-4107-84F5-716944390A01}.Debug|Any CPU.Build.0 = Debug|Any CPU
		{BCCF58D6-E3BD-4107-84F5-716944390A01}.Release|Any CPU.ActiveCfg = Release|Any CPU
		{BCCF58D6-E3BD-4107-84F5-716944390A01}.Release|Any CPU.Build.0 = Release|Any CPU
	EndGlobalSection
	GlobalSection(SolutionProperties) = preSolution
		HideSolutionNode = FALSE
	EndGlobalSection
EndGlobal
