
Microsoft Visual Studio Solution File, Format Version 10.00
# Visual Studio 2008
Project("{FAE04EC0-301F-11D3-BF4B-00C04F79EFBC}") = "Mercer.Tpa.Agenda.Web", "Mercer.Tpa.Agenda.Web.csproj", "{4F181988-08BF-4C47-AED2-F028A8881063}"
EndProject
Global
	GlobalSection(SolutionConfigurationPlatforms) = preSolution
		Debug|Any CPU = Debug|Any CPU
		Release|Any CPU = Release|Any CPU
	EndGlobalSection
	GlobalSection(ProjectConfigurationPlatforms) = postSolution
		{4F181988-08BF-4C47-AED2-F028A8881063}.Debug|Any CPU.ActiveCfg = Debug|Any CPU
		{4F181988-08BF-4C47-AED2-F028A8881063}.Debug|Any CPU.Build.0 = Debug|Any CPU
		{4F181988-08BF-4C47-AED2-F028A8881063}.Release|Any CPU.ActiveCfg = Release|Any CPU
		{4F181988-08BF-4C47-AED2-F028A8881063}.Release|Any CPU.Build.0 = Release|Any CPU
	EndGlobalSection
	GlobalSection(SolutionProperties) = preSolution
		HideSolutionNode = FALSE
	EndGlobalSection
EndGlobal
